PODS:
  - JSONJoy-Swift (0.9.2)
  - SwiftHTTP (0.9.5)
  - SwiftyTimer (1.1.0)

DEPENDENCIES:
  - JSONJoy-Swift (~> 0.9.1)
  - SwiftHTTP (~> 0.9.4)
  - SwiftyTimer

SPEC CHECKSUMS:
  JSONJoy-Swift: d51bde1053047c623db602e778f068414dd788e4
  SwiftHTTP: cd7b248bc07db02926ff54cf19b580b78f7abfa1
  SwiftyTimer: 3b1bf42c8b1bb09dff7107b12d3b73cbf700bbce

COCOAPODS: 0.37.1
